
Microsoft Visual Studio Solution File, Format Version 12.00
# Visual Studio 2012
Project("{FAE04EC0-301F-11D3-BF4B-00C04F79EFBC}") = "WebApiDemo", "WebApiDemo\WebApiDemo.csproj", "{75FE6B32-29CB-422E-84C9-AAA050DCE89A}"
EndProject
Global
	GlobalSection(SolutionConfigurationPlatforms) = preSolution
		Debug|Any CPU = Debug|Any CPU
		Release|Any CPU = Release|Any CPU
	EndGlobalSection
	GlobalSection(ProjectConfigurationPlatforms) = postSolution
		{75FE6B32-29CB-422E-84C9-AAA050DCE89A}.Debug|Any CPU.ActiveCfg = Debug|Any CPU
		{75FE6B32-29CB-422E-84C9-AAA050DCE89A}.Debug|Any CPU.Build.0 = Debug|Any CPU
		{75FE6B32-29CB-422E-84C9-AAA050DCE89A}.Release|Any CPU.ActiveCfg = Release|Any CPU
		{75FE6B32-29CB-422E-84C9-AAA050DCE89A}.Release|Any CPU.Build.0 = Release|Any CPU
	EndGlobalSection
	GlobalSection(SolutionProperties) = preSolution
		HideSolutionNode = FALSE
	EndGlobalSection
EndGlobal
